// !$*UTF8*$!
{
	archiveVersion = 1;
	classes = {
	};
	objectVersion = 55;
	objects = {

/* Begin PBXBuildFile section */
		65F5DA48288D0F7000FCC8D0 /* MessengerChatAppApp.swift in Sources */ = {isa = PBXBuildFile; fileRef = 65F5DA47288D0F7000FCC8D0 /* MessengerChatAppApp.swift */; };
		65F5DA4C288D0F7200FCC8D0 /* Assets.xcassets in Resources */ = {isa = PBXBuildFile; fileRef = 65F5DA4B288D0F7200FCC8D0 /* Assets.xcassets */; };
		65F5DA4F288D0F7200FCC8D0 /* Preview Assets.xcassets in Resources */ = {isa = PBXBuildFile; fileRef = 65F5DA4E288D0F7200FCC8D0 /* Preview Assets.xcassets */; };
		65F5DA59288D0FC000FCC8D0 /* SignInView.swift in Sources */ = {isa = PBXBuildFile; fileRef = 65F5DA58288D0FC000FCC8D0 /* SignInView.swift */; };
		65F5DA5B288D0FCC00FCC8D0 /* SignUpView.swift in Sources */ = {isa = PBXBuildFile; fileRef = 65F5DA5A288D0FCC00FCC8D0 /* SignUpView.swift */; };
		65F5DA5D288D0FDD00FCC8D0 /* ChatView.swift in Sources */ = {isa = PBXBuildFile; fileRef = 65F5DA5C288D0FDD00FCC8D0 /* ChatView.swift */; };
		65F5DA5F288D0FE500FCC8D0 /* ChatRow.swift in Sources */ = {isa = PBXBuildFile; fileRef = 65F5DA5E288D0FE500FCC8D0 /* ChatRow.swift */; };
		65F5DA61288D0FF200FCC8D0 /* SearchView.swift in Sources */ = {isa = PBXBuildFile; fileRef = 65F5DA60288D0FF200FCC8D0 /* SearchView.swift */; };
		65F5DA63288D100300FCC8D0 /* SendButton.swift in Sources */ = {isa = PBXBuildFile; fileRef = 65F5DA62288D100300FCC8D0 /* SendButton.swift */; };
		65F5DA65288D101600FCC8D0 /* Message.swift in Sources */ = {isa = PBXBuildFile; fileRef = 65F5DA64288D101600FCC8D0 /* Message.swift */; };
		65F5DA67288D102500FCC8D0 /* AppStateModel.swift in Sources */ = {isa = PBXBuildFile; fileRef = 65F5DA66288D102500FCC8D0 /* AppStateModel.swift */; };
		65F5DA69288D104400FCC8D0 /* ConversationListView.swift in Sources */ = {isa = PBXBuildFile; fileRef = 65F5DA68288D104400FCC8D0 /* ConversationListView.swift */; };
/* End PBXBuildFile section */

/* Begin PBXFileReference section */
		65F5DA44288D0F7000FCC8D0 /* MessengerChatApp.app */ = {isa = PBXFileReference; explicitFileType = wrapper.application; includeInIndex = 0; path = MessengerChatApp.app; sourceTree = BUILT_PRODUCTS_DIR; };
		65F5DA47288D0F7000FCC8D0 /* MessengerChatAppApp.swift */ = {isa = PBXFileReference; lastKnownFileType = sourcecode.swift; path = MessengerChatAppApp.swift; sourceTree = "<group>"; };
		65F5DA4B288D0F7200FCC8D0 /* Assets.xcassets */ = {isa = PBXFileReference; lastKnownFileType = folder.assetcatalog; path = Assets.xcassets; sourceTree = "<group>"; };
		65F5DA4E288D0F7200FCC8D0 /* Preview Assets.xcassets */ = {isa = PBXFileReference; lastKnownFileType = folder.assetcatalog; path = "Preview Assets.xcassets"; sourceTree = "<group>"; };
		65F5DA58288D0FC000FCC8D0 /* SignInView.swift */ = {isa = PBXFileReference; lastKnownFileType = sourcecode.swift; path = SignInView.swift; sourceTree = "<group>"; };
		65F5DA5A288D0FCC00FCC8D0 /* SignUpView.swift */ = {isa = PBXFileReference; lastKnownFileType = sourcecode.swift; path = SignUpView.swift; sourceTree = "<group>"; };
		65F5DA5C288D0FDD00FCC8D0 /* ChatView.swift */ = {isa = PBXFileReference; lastKnownFileType = sourcecode.swift; path = ChatView.swift; sourceTree = "<group>"; };
		65F5DA5E288D0FE500FCC8D0 /* ChatRow.swift */ = {isa = PBXFileReference; lastKnownFileType = sourcecode.swift; path = ChatRow.swift; sourceTree = "<group>"; };
		65F5DA60288D0FF200FCC8D0 /* SearchView.swift */ = {isa = PBXFileReference; lastKnownFileType = sourcecode.swift; path = SearchView.swift; sourceTree = "<group>"; };
		65F5DA62288D100300FCC8D0 /* SendButton.swift */ = {isa = PBXFileReference; lastKnownFileType = sourcecode.swift; path = SendButton.swift; sourceTree = "<group>"; };
		65F5DA64288D101600FCC8D0 /* Message.swift */ = {isa = PBXFileReference; lastKnownFileType = sourcecode.swift; path = Message.swift; sourceTree = "<group>"; };
		65F5DA66288D102500FCC8D0 /* AppStateModel.swift */ = {isa = PBXFileReference; lastKnownFileType = sourcecode.swift; path = AppStateModel.swift; sourceTree = "<group>"; };
		65F5DA68288D104400FCC8D0 /* ConversationListView.swift */ = {isa = PBXFileReference; lastKnownFileType = sourcecode.swift; path = ConversationListView.swift; sourceTree = "<group>"; };
/* End PBXFileReference section */

/* Begin PBXFrameworksBuildPhase section */
		65F5DA41288D0F7000FCC8D0 /* Frameworks */ = {
			isa = PBXFrameworksBuildPhase;
			buildActionMask = 2147483647;
			files = (
			);
			runOnlyForDeploymentPostprocessing = 0;
		};
/* End PBXFrameworksBuildPhase section */

/* Begin PBXGroup section */
		65F5DA3B288D0F7000FCC8D0 = {
			isa = PBXGroup;
			children = (
				65F5DA46288D0F7000FCC8D0 /* MessengerChatApp */,
				65F5DA45288D0F7000FCC8D0 /* Products */,
			);
			sourceTree = "<group>";
		};
		65F5DA45288D0F7000FCC8D0 /* Products */ = {
			isa = PBXGroup;
			children = (
				65F5DA44288D0F7000FCC8D0 /* MessengerChatApp.app */,
			);
			name = Products;
			sourceTree = "<group>";
		};
		65F5DA46288D0F7000FCC8D0 /* MessengerChatApp */ = {
			isa = PBXGroup;
			children = (
				65F5DA55288D0F8300FCC8D0 /* Ressources */,
				65F5DA56288D0F8800FCC8D0 /* Models */,
				65F5DA57288D0F9400FCC8D0 /* Views */,
				65F5DA4D288D0F7200FCC8D0 /* Preview Content */,
			);
			path = MessengerChatApp;
			sourceTree = "<group>";
		};
		65F5DA4D288D0F7200FCC8D0 /* Preview Content */ = {
			isa = PBXGroup;
			children = (
				65F5DA4E288D0F7200FCC8D0 /* Preview Assets.xcassets */,
			);
			path = "Preview Content";
			sourceTree = "<group>";
		};
		65F5DA55288D0F8300FCC8D0 /* Ressources */ = {
			isa = PBXGroup;
			children = (
				65F5DA4B288D0F7200FCC8D0 /* Assets.xcassets */,
				65F5DA47288D0F7000FCC8D0 /* MessengerChatAppApp.swift */,
			);
			path = Ressources;
			sourceTree = "<group>";
		};
		65F5DA56288D0F8800FCC8D0 /* Models */ = {
			isa = PBXGroup;
			children = (
				65F5DA64288D101600FCC8D0 /* Message.swift */,
				65F5DA66288D102500FCC8D0 /* AppStateModel.swift */,
			);
			path = Models;
			sourceTree = "<group>";
		};
		65F5DA57288D0F9400FCC8D0 /* Views */ = {
			isa = PBXGroup;
			children = (
				65F5DA58288D0FC000FCC8D0 /* SignInView.swift */,
				65F5DA5A288D0FCC00FCC8D0 /* SignUpView.swift */,
				65F5DA5C288D0FDD00FCC8D0 /* ChatView.swift */,
				65F5DA5E288D0FE500FCC8D0 /* ChatRow.swift */,
				65F5DA60288D0FF200FCC8D0 /* SearchView.swift */,
				65F5DA62288D100300FCC8D0 /* SendButton.swift */,
				65F5DA68288D104400FCC8D0 /* ConversationListView.swift */,
			);
			path = Views;
			sourceTree = "<group>";
		};
/* End PBXGroup section */

/* Begin PBXNativeTarget section */
		65F5DA43288D0F7000FCC8D0 /* MessengerChatApp */ = {
			isa = PBXNativeTarget;
			buildConfigurationList = 65F5DA52288D0F7200FCC8D0 /* Build configuration list for PBXNativeTarget "MessengerChatApp" */;
			buildPhases = (
				65F5DA40288D0F7000FCC8D0 /* Sources */,
				65F5DA41288D0F7000FCC8D0 /* Frameworks */,
				65F5DA42288D0F7000FCC8D0 /* Resources */,
			);
			buildRules = (
			);
			dependencies = (
			);
			name = MessengerChatApp;
			productName = MessengerChatApp;
			productReference = 65F5DA44288D0F7000FCC8D0 /* MessengerChatApp.app */;
			productType = "com.apple.product-type.application";
		};
/* End PBXNativeTarget section */

/* Begin PBXProject section */
		65F5DA3C288D0F7000FCC8D0 /* Project object */ = {
			isa = PBXProject;
			attributes = {
				BuildIndependentTargetsInParallel = 1;
				LastSwiftUpdateCheck = 1340;
				LastUpgradeCheck = 1340;
				TargetAttributes = {
					65F5DA43288D0F7000FCC8D0 = {
						CreatedOnToolsVersion = 13.4.1;
					};
				};
			};
			buildConfigurationList = 65F5DA3F288D0F7000FCC8D0 /* Build configuration list for PBXProject "MessengerChatApp" */;
			compatibilityVersion = "Xcode 13.0";
			developmentRegion = en;
			hasScannedForEncodings = 0;
			knownRegions = (
				en,
				Base,
			);
			mainGroup = 65F5DA3B288D0F7000FCC8D0;
			productRefGroup = 65F5DA45288D0F7000FCC8D0 /* Products */;
			projectDirPath = "";
			projectRoot = "";
			targets = (
				65F5DA43288D0F7000FCC8D0 /* MessengerChatApp */,
			);
		};
/* End PBXProject section */

/* Begin PBXResourcesBuildPhase section */
		65F5DA42288D0F7000FCC8D0 /* Resources */ = {
			isa = PBXResourcesBuildPhase;
			buildActionMask = 2147483647;
			files = (
				65F5DA4F288D0F7200FCC8D0 /* Preview Assets.xcassets in Resources */,
				65F5DA4C288D0F7200FCC8D0 /* Assets.xcassets in Resources */,
			);
			runOnlyForDeploymentPostprocessing = 0;
		};
/* End PBXResourcesBuildPhase section */

/* Begin PBXSourcesBuildPhase section */
		65F5DA40288D0F7000FCC8D0 /* Sources */ = {
			isa = PBXSourcesBuildPhase;
			buildActionMask = 2147483647;
			files = (
				65F5DA5B288D0FCC00FCC8D0 /* SignUpView.swift in Sources */,
				65F5DA63288D100300FCC8D0 /* SendButton.swift in Sources */,
				65F5DA69288D104400FCC8D0 /* ConversationListView.swift in Sources */,
				65F5DA59288D0FC000FCC8D0 /* SignInView.swift in Sources */,
				65F5DA65288D101600FCC8D0 /* Message.swift in Sources */,
				65F5DA5D288D0FDD00FCC8D0 /* ChatView.swift in Sources */,
				65F5DA61288D0FF200FCC8D0 /* SearchView.swift in Sources */,
				65F5DA5F288D0FE500FCC8D0 /* ChatRow.swift in Sources */,
				65F5DA48288D0F7000FCC8D0 /* MessengerChatAppApp.swift in Sources */,
				65F5DA67288D102500FCC8D0 /* AppStateModel.swift in Sources */,
			);
			runOnlyForDeploymentPostprocessing = 0;
		};
/* End PBXSourcesBuildPhase section */

/* Begin XCBuildConfiguration section */
		65F5DA50288D0F7200FCC8D0 /* Debug */ = {
			isa = XCBuildConfiguration;
			buildSettings = {
				ALWAYS_SEARCH_USER_PATHS = NO;
				CLANG_ANALYZER_NONNULL = YES;
				CLANG_ANALYZER_NUMBER_OBJECT_CONVERSION = YES_AGGRESSIVE;
				CLANG_CXX_LANGUAGE_STANDARD = "gnu++17";
				CLANG_ENABLE_MODULES = YES;
				CLANG_ENABLE_OBJC_ARC = YES;
				CLANG_ENABLE_OBJC_WEAK = YES;
				CLANG_WARN_BLOCK_CAPTURE_AUTORELEASING = YES;
				CLANG_WARN_BOOL_CONVERSION = YES;
				CLANG_WARN_COMMA = YES;
				CLANG_WARN_CONSTANT_CONVERSION = YES;
				CLANG_WARN_DEPRECATED_OBJC_IMPLEMENTATIONS = YES;
				CLANG_WARN_DIRECT_OBJC_ISA_USAGE = YES_ERROR;
				CLANG_WARN_DOCUMENTATION_COMMENTS = YES;
				CLANG_WARN_EMPTY_BODY = YES;
				CLANG_WARN_ENUM_CONVERSION = YES;
				CLANG_WARN_INFINITE_RECURSION = YES;
				CLANG_WARN_INT_CONVERSION = YES;
				CLANG_WARN_NON_LITERAL_NULL_CONVERSION = YES;
				CLANG_WARN_OBJC_IMPLICIT_RETAIN_SELF = YES;
				CLANG_WARN_OBJC_LITERAL_CONVERSION = YES;
				CLANG_WARN_OBJC_ROOT_CLASS = YES_ERROR;
				CLANG_WARN_QUOTED_INCLUDE_IN_FRAMEWORK_HEADER = YES;
				CLANG_WARN_RANGE_LOOP_ANALYSIS = YES;
				CLANG_WARN_STRICT_PROTOTYPES = YES;
				CLANG_WARN_SUSPICIOUS_MOVE = YES;
				CLANG_WARN_UNGUARDED_AVAILABILITY = YES_AGGRESSIVE;
				CLANG_WARN_UNREACHABLE_CODE = YES;
				CLANG_WARN__DUPLICATE_METHOD_MATCH = YES;
				COPY_PHASE_STRIP = NO;
				DEBUG_INFORMATION_FORMAT = dwarf;
				ENABLE_STRICT_OBJC_MSGSEND = YES;
				ENABLE_TESTABILITY = YES;
				GCC_C_LANGUAGE_STANDARD = gnu11;
				GCC_DYNAMIC_NO_PIC = NO;
				GCC_NO_COMMON_BLOCKS = YES;
				GCC_OPTIMIZATION_LEVEL = 0;
				GCC_PREPROCESSOR_DEFINITIONS = (
					"DEBUG=1",
					"$(inherited)",
				);
				GCC_WARN_64_TO_32_BIT_CONVERSION = YES;
				GCC_WARN_ABOUT_RETURN_TYPE = YES_ERROR;
				GCC_WARN_UNDECLARED_SELECTOR = YES;
				GCC_WARN_UNINITIALIZED_AUTOS = YES_AGGRESSIVE;
				GCC_WARN_UNUSED_FUNCTION = YES;
				GCC_WARN_UNUSED_VARIABLE = YES;
				IPHONEOS_DEPLOYMENT_TARGET = 15.5;
				MTL_ENABLE_DEBUG_INFO = INCLUDE_SOURCE;
				MTL_FAST_MATH = YES;
				ONLY_ACTIVE_ARCH = YES;
				SDKROOT = iphoneos;
				SWIFT_ACTIVE_COMPILATION_CONDITIONS = DEBUG;
				SWIFT_OPTIMIZATION_LEVEL = "-Onone";
			};
			name = Debug;
		};
		65F5DA51288D0F7200FCC8D0 /* Release */ = {
			isa = XCBuildConfiguration;
			buildSettings = {
				ALWAYS_SEARCH_USER_PATHS = NO;
				CLANG_ANALYZER_NONNULL = YES;
				CLANG_ANALYZER_NUMBER_OBJECT_CONVERSION = YES_AGGRESSIVE;
				CLANG_CXX_LANGUAGE_STANDARD = "gnu++17";
				CLANG_ENABLE_MODULES = YES;
				CLANG_ENABLE_OBJC_ARC = YES;
				CLANG_ENABLE_OBJC_WEAK = YES;
				CLANG_WARN_BLOCK_CAPTURE_AUTORELEASING = YES;
				CLANG_WARN_BOOL_CONVERSION = YES;
				CLANG_WARN_COMMA = YES;
				CLANG_WARN_CONSTANT_CONVERSION = YES;
				CLANG_WARN_DEPRECATED_OBJC_IMPLEMENTATIONS = YES;
				CLANG_WARN_DIRECT_OBJC_ISA_USAGE = YES_ERROR;
				CLANG_WARN_DOCUMENTATION_COMMENTS = YES;
				CLANG_WARN_EMPTY_BODY = YES;
				CLANG_WARN_ENUM_CONVERSION = YES;
				CLANG_WARN_INFINITE_RECURSION = YES;
				CLANG_WARN_INT_CONVERSION = YES;
				CLANG_WARN_NON_LITERAL_NULL_CONVERSION = YES;
				CLANG_WARN_OBJC_IMPLICIT_RETAIN_SELF = YES;
				CLANG_WARN_OBJC_LITERAL_CONVERSION = YES;
				CLANG_WARN_OBJC_ROOT_CLASS = YES_ERROR;
				CLANG_WARN_QUOTED_INCLUDE_IN_FRAMEWORK_HEADER = YES;
				CLANG_WARN_RANGE_LOOP_ANALYSIS = YES;
				CLANG_WARN_STRICT_PROTOTYPES = YES;
				CLANG_WARN_SUSPICIOUS_MOVE = YES;
				CLANG_WARN_UNGUARDED_AVAILABILITY = YES_AGGRESSIVE;
				CLANG_WARN_UNREACHABLE_CODE = YES;
				CLANG_WARN__DUPLICATE_METHOD_MATCH = YES;
				COPY_PHASE_STRIP = NO;
				DEBUG_INFORMATION_FORMAT = "dwarf-with-dsym";
				ENABLE_NS_ASSERTIONS = NO;
				ENABLE_STRICT_OBJC_MSGSEND = YES;
				GCC_C_LANGUAGE_STANDARD = gnu11;
				GCC_NO_COMMON_BLOCKS = YES;
				GCC_WARN_64_TO_32_BIT_CONVERSION = YES;
				GCC_WARN_ABOUT_RETURN_TYPE = YES_ERROR;
				GCC_WARN_UNDECLARED_SELECTOR = YES;
				GCC_WARN_UNINITIALIZED_AUTOS = YES_AGGRESSIVE;
				GCC_WARN_UNUSED_FUNCTION = YES;
				GCC_WARN_UNUSED_VARIABLE = YES;
				IPHONEOS_DEPLOYMENT_TARGET = 15.5;
				MTL_ENABLE_DEBUG_INFO = NO;
				MTL_FAST_MATH = YES;
				SDKROOT = iphoneos;
				SWIFT_COMPILATION_MODE = wholemodule;
				SWIFT_OPTIMIZATION_LEVEL = "-O";
				VALIDATE_PRODUCT = YES;
			};
			name = Release;
		};
		65F5DA53288D0F7200FCC8D0 /* Debug */ = {
			isa = XCBuildConfiguration;
			buildSettings = {
				ASSETCATALOG_COMPILER_APPICON_NAME = AppIcon;
				ASSETCATALOG_COMPILER_GLOBAL_ACCENT_COLOR_NAME = AccentColor;
				CODE_SIGN_STYLE = Automatic;
				CURRENT_PROJECT_VERSION = 1;
				DEVELOPMENT_ASSET_PATHS = "\"MessengerChatApp/Preview Content\"";
				DEVELOPMENT_TEAM = 44N856UZ6R;
				ENABLE_PREVIEWS = YES;
				GENERATE_INFOPLIST_FILE = YES;
				INFOPLIST_KEY_UIApplicationSceneManifest_Generation = YES;
				INFOPLIST_KEY_UIApplicationSupportsIndirectInputEvents = YES;
				INFOPLIST_KEY_UILaunchScreen_Generation = YES;
				INFOPLIST_KEY_UISupportedInterfaceOrientations_iPad = "UIInterfaceOrientationPortrait UIInterfaceOrientationPortraitUpsideDown UIInterfaceOrientationLandscapeLeft UIInterfaceOrientationLandscapeRight";
				INFOPLIST_KEY_UISupportedInterfaceOrientations_iPhone = "UIInterfaceOrientationPortrait UIInterfaceOrientationLandscapeLeft UIInterfaceOrientationLandscapeRight";
				LD_RUNPATH_SEARCH_PATHS = (
					"$(inherited)",
					"@executable_path/Frameworks",
				);
				MARKETING_VERSION = 1.0;
				PRODUCT_BUNDLE_IDENTIFIER = tommy.MessengerChatApp;
				PRODUCT_NAME = "$(TARGET_NAME)";
				SWIFT_EMIT_LOC_STRINGS = YES;
				SWIFT_VERSION = 5.0;
				TARGETED_DEVICE_FAMILY = "1,2";
			};
			name = Debug;
		};
		65F5DA54288D0F7200FCC8D0 /* Release */ = {
			isa = XCBuildConfiguration;
			buildSettings = {
				ASSETCATALOG_COMPILER_APPICON_NAME = AppIcon;
				ASSETCATALOG_COMPILER_GLOBAL_ACCENT_COLOR_NAME = AccentColor;
				CODE_SIGN_STYLE = Automatic;
				CURRENT_PROJECT_VERSION = 1;
				DEVELOPMENT_ASSET_PATHS = "\"MessengerChatApp/Preview Content\"";
				DEVELOPMENT_TEAM = 44N856UZ6R;
				ENABLE_PREVIEWS = YES;
				GENERATE_INFOPLIST_FILE = YES;
				INFOPLIST_KEY_UIApplicationSceneManifest_Generation = YES;
				INFOPLIST_KEY_UIApplicationSupportsIndirectInputEvents = YES;
				INFOPLIST_KEY_UILaunchScreen_Generation = YES;
				INFOPLIST_KEY_UISupportedInterfaceOrientations_iPad = "UIInterfaceOrientationPortrait UIInterfaceOrientationPortraitUpsideDown UIInterfaceOrientationLandscapeLeft UIInterfaceOrientationLandscapeRight";
				INFOPLIST_KEY_UISupportedInterfaceOrientations_iPhone = "UIInterfaceOrientationPortrait UIInterfaceOrientationLandscapeLeft UIInterfaceOrientationLandscapeRight";
				LD_RUNPATH_SEARCH_PATHS = (
					"$(inherited)",
					"@executable_path/Frameworks",
				);
				MARKETING_VERSION = 1.0;
				PRODUCT_BUNDLE_IDENTIFIER = tommy.MessengerChatApp;
				PRODUCT_NAME = "$(TARGET_NAME)";
				SWIFT_EMIT_LOC_STRINGS = YES;
				SWIFT_VERSION = 5.0;
				TARGETED_DEVICE_FAMILY = "1,2";
			};
			name = Release;
		};
/* End XCBuildConfiguration section */

/* Begin XCConfigurationList section */
		65F5DA3F288D0F7000FCC8D0 /* Build configuration list for PBXProject "MessengerChatApp" */ = {
			isa = XCConfigurationList;
			buildConfigurations = (
				65F5DA50288D0F7200FCC8D0 /* Debug */,
				65F5DA51288D0F7200FCC8D0 /* Release */,
			);
			defaultConfigurationIsVisible = 0;
			defaultConfigurationName = Release;
		};
		65F5DA52288D0F7200FCC8D0 /* Build configuration list for PBXNativeTarget "MessengerChatApp" */ = {
			isa = XCConfigurationList;
			buildConfigurations = (
				65F5DA53288D0F7200FCC8D0 /* Debug */,
				65F5DA54288D0F7200FCC8D0 /* Release */,
			);
			defaultConfigurationIsVisible = 0;
			defaultConfigurationName = Release;
		};
/* End XCConfigurationList section */
	};
	rootObject = 65F5DA3C288D0F7000FCC8D0 /* Project object */;
}
