// !$*UTF8*$!
{
	archiveVersion = 1;
	classes = {
	};
	objectVersion = 55;
	objects = {

/* Begin PBXBuildFile section */
		6541EAD2288560DE00C1F4D1 /* CameraModel.swift in Sources */ = {isa = PBXBuildFile; fileRef = 6541EAD1288560DE00C1F4D1 /* CameraModel.swift */; };
		6541EAD4288560EC00C1F4D1 /* CameraPreview.swift in Sources */ = {isa = PBXBuildFile; fileRef = 6541EAD3288560EC00C1F4D1 /* CameraPreview.swift */; };
		6541EAD62885615700C1F4D1 /* CameraView.swift in Sources */ = {isa = PBXBuildFile; fileRef = 6541EAD52885615700C1F4D1 /* CameraView.swift */; };
		6567B63E28890C6300BB0CD4 /* ShowImage.swift in Sources */ = {isa = PBXBuildFile; fileRef = 6567B63D28890C6300BB0CD4 /* ShowImage.swift */; };
		65A68C2F288A40BB0086B848 /* MainView.swift in Sources */ = {isa = PBXBuildFile; fileRef = 65A68C2E288A40BB0086B848 /* MainView.swift */; };
		65B0C14E2885494E007204A9 /* CustomCameraViewApp.swift in Sources */ = {isa = PBXBuildFile; fileRef = 65B0C14D2885494E007204A9 /* CustomCameraViewApp.swift */; };
		65B0C1522885494F007204A9 /* Assets.xcassets in Resources */ = {isa = PBXBuildFile; fileRef = 65B0C1512885494F007204A9 /* Assets.xcassets */; };
		65B0C1552885494F007204A9 /* Preview Assets.xcassets in Resources */ = {isa = PBXBuildFile; fileRef = 65B0C1542885494F007204A9 /* Preview Assets.xcassets */; };
		65B0C15C288554C4007204A9 /* CameraButton.swift in Sources */ = {isa = PBXBuildFile; fileRef = 65B0C15B288554C4007204A9 /* CameraButton.swift */; };
		65E5E3D92886871100F533DC /* InstructionsFrameView.swift in Sources */ = {isa = PBXBuildFile; fileRef = 65E5E3D82886871100F533DC /* InstructionsFrameView.swift */; };
		65E5E3DB28868F2800F533DC /* SettingsView.swift in Sources */ = {isa = PBXBuildFile; fileRef = 65E5E3DA28868F2800F533DC /* SettingsView.swift */; };
		65E5E3DD28868F4000F533DC /* Configurations.swift in Sources */ = {isa = PBXBuildFile; fileRef = 65E5E3DC28868F4000F533DC /* Configurations.swift */; };
		65E5E3E02886A5B400F533DC /* Extensions.swift in Sources */ = {isa = PBXBuildFile; fileRef = 65E5E3DF2886A5B400F533DC /* Extensions.swift */; };
		65F5DA6D288E70AB00FCC8D0 /* APICaller.swift in Sources */ = {isa = PBXBuildFile; fileRef = 65F5DA6C288E70AB00FCC8D0 /* APICaller.swift */; };
		65F5DA6F288E757600FCC8D0 /* NewVietnameseIDFront.swift in Sources */ = {isa = PBXBuildFile; fileRef = 65F5DA6E288E757600FCC8D0 /* NewVietnameseIDFront.swift */; };
		65F5DA71288E75A800FCC8D0 /* NewVietnameseIDBack.swift in Sources */ = {isa = PBXBuildFile; fileRef = 65F5DA70288E75A800FCC8D0 /* NewVietnameseIDBack.swift */; };
		65F5DA73288E75B400FCC8D0 /* OldVietnameseIDFront.swift in Sources */ = {isa = PBXBuildFile; fileRef = 65F5DA72288E75B400FCC8D0 /* OldVietnameseIDFront.swift */; };
		65F5DA75288E75C100FCC8D0 /* OldVietnameseIDBack.swift in Sources */ = {isa = PBXBuildFile; fileRef = 65F5DA74288E75C100FCC8D0 /* OldVietnameseIDBack.swift */; };
/* End PBXBuildFile section */

/* Begin PBXFileReference section */
		6541EAD1288560DE00C1F4D1 /* CameraModel.swift */ = {isa = PBXFileReference; lastKnownFileType = sourcecode.swift; path = CameraModel.swift; sourceTree = "<group>"; };
		6541EAD3288560EC00C1F4D1 /* CameraPreview.swift */ = {isa = PBXFileReference; lastKnownFileType = sourcecode.swift; path = CameraPreview.swift; sourceTree = "<group>"; };
		6541EAD52885615700C1F4D1 /* CameraView.swift */ = {isa = PBXFileReference; lastKnownFileType = sourcecode.swift; path = CameraView.swift; sourceTree = "<group>"; };
		6567B63D28890C6300BB0CD4 /* ShowImage.swift */ = {isa = PBXFileReference; lastKnownFileType = sourcecode.swift; path = ShowImage.swift; sourceTree = "<group>"; };
		65A68C2E288A40BB0086B848 /* MainView.swift */ = {isa = PBXFileReference; lastKnownFileType = sourcecode.swift; path = MainView.swift; sourceTree = "<group>"; };
		65B0C14A2885494E007204A9 /* CustomCameraView.app */ = {isa = PBXFileReference; explicitFileType = wrapper.application; includeInIndex = 0; path = CustomCameraView.app; sourceTree = BUILT_PRODUCTS_DIR; };
		65B0C14D2885494E007204A9 /* CustomCameraViewApp.swift */ = {isa = PBXFileReference; lastKnownFileType = sourcecode.swift; path = CustomCameraViewApp.swift; sourceTree = "<group>"; };
		65B0C1512885494F007204A9 /* Assets.xcassets */ = {isa = PBXFileReference; lastKnownFileType = folder.assetcatalog; path = Assets.xcassets; sourceTree = "<group>"; };
		65B0C1542885494F007204A9 /* Preview Assets.xcassets */ = {isa = PBXFileReference; lastKnownFileType = folder.assetcatalog; path = "Preview Assets.xcassets"; sourceTree = "<group>"; };
		65B0C15B288554C4007204A9 /* CameraButton.swift */ = {isa = PBXFileReference; lastKnownFileType = sourcecode.swift; path = CameraButton.swift; sourceTree = "<group>"; };
		65B0C15D28855C1B007204A9 /* Info.plist */ = {isa = PBXFileReference; lastKnownFileType = text.plist; path = Info.plist; sourceTree = "<group>"; };
		65E5E3D82886871100F533DC /* InstructionsFrameView.swift */ = {isa = PBXFileReference; lastKnownFileType = sourcecode.swift; path = InstructionsFrameView.swift; sourceTree = "<group>"; };
		65E5E3DA28868F2800F533DC /* SettingsView.swift */ = {isa = PBXFileReference; lastKnownFileType = sourcecode.swift; path = SettingsView.swift; sourceTree = "<group>"; };
		65E5E3DC28868F4000F533DC /* Configurations.swift */ = {isa = PBXFileReference; lastKnownFileType = sourcecode.swift; path = Configurations.swift; sourceTree = "<group>"; };
		65E5E3DF2886A5B400F533DC /* Extensions.swift */ = {isa = PBXFileReference; lastKnownFileType = sourcecode.swift; path = Extensions.swift; sourceTree = "<group>"; };
		65F5DA6C288E70AB00FCC8D0 /* APICaller.swift */ = {isa = PBXFileReference; lastKnownFileType = sourcecode.swift; path = APICaller.swift; sourceTree = "<group>"; };
		65F5DA6E288E757600FCC8D0 /* NewVietnameseIDFront.swift */ = {isa = PBXFileReference; lastKnownFileType = sourcecode.swift; path = NewVietnameseIDFront.swift; sourceTree = "<group>"; };
		65F5DA70288E75A800FCC8D0 /* NewVietnameseIDBack.swift */ = {isa = PBXFileReference; lastKnownFileType = sourcecode.swift; path = NewVietnameseIDBack.swift; sourceTree = "<group>"; };
		65F5DA72288E75B400FCC8D0 /* OldVietnameseIDFront.swift */ = {isa = PBXFileReference; lastKnownFileType = sourcecode.swift; path = OldVietnameseIDFront.swift; sourceTree = "<group>"; };
		65F5DA74288E75C100FCC8D0 /* OldVietnameseIDBack.swift */ = {isa = PBXFileReference; lastKnownFileType = sourcecode.swift; path = OldVietnameseIDBack.swift; sourceTree = "<group>"; };
/* End PBXFileReference section */

/* Begin PBXFrameworksBuildPhase section */
		65B0C1472885494E007204A9 /* Frameworks */ = {
			isa = PBXFrameworksBuildPhase;
			buildActionMask = 2147483647;
			files = (
			);
			runOnlyForDeploymentPostprocessing = 0;
		};
/* End PBXFrameworksBuildPhase section */

/* Begin PBXGroup section */
		65B0C1412885494E007204A9 = {
			isa = PBXGroup;
			children = (
				65B0C14C2885494E007204A9 /* CustomCameraView */,
				65B0C14B2885494E007204A9 /* Products */,
			);
			sourceTree = "<group>";
		};
		65B0C14B2885494E007204A9 /* Products */ = {
			isa = PBXGroup;
			children = (
				65B0C14A2885494E007204A9 /* CustomCameraView.app */,
			);
			name = Products;
			sourceTree = "<group>";
		};
		65B0C14C2885494E007204A9 /* CustomCameraView */ = {
			isa = PBXGroup;
			children = (
				65B0C14D2885494E007204A9 /* CustomCameraViewApp.swift */,
				65E5E3D6288683A900F533DC /* Views */,
				65B0C15D28855C1B007204A9 /* Info.plist */,
				6541EAD1288560DE00C1F4D1 /* CameraModel.swift */,
				65E5E3DC28868F4000F533DC /* Configurations.swift */,
				65E5E3DF2886A5B400F533DC /* Extensions.swift */,
				6541EAD3288560EC00C1F4D1 /* CameraPreview.swift */,
				65E5E3D72886868B00F533DC /* Buttons */,
				65F5DA6B288E709B00FCC8D0 /* Managers */,
				65F5DA6A288E6F0500FCC8D0 /* Models */,
				65B0C1512885494F007204A9 /* Assets.xcassets */,
				65B0C1532885494F007204A9 /* Preview Content */,
			);
			path = CustomCameraView;
			sourceTree = "<group>";
		};
		65B0C1532885494F007204A9 /* Preview Content */ = {
			isa = PBXGroup;
			children = (
				65B0C1542885494F007204A9 /* Preview Assets.xcassets */,
			);
			path = "Preview Content";
			sourceTree = "<group>";
		};
		65E5E3D6288683A900F533DC /* Views */ = {
			isa = PBXGroup;
			children = (
				65A68C2E288A40BB0086B848 /* MainView.swift */,
				6541EAD52885615700C1F4D1 /* CameraView.swift */,
				65E5E3D82886871100F533DC /* InstructionsFrameView.swift */,
				65E5E3DA28868F2800F533DC /* SettingsView.swift */,
				6567B63D28890C6300BB0CD4 /* ShowImage.swift */,
			);
			path = Views;
			sourceTree = "<group>";
		};
		65E5E3D72886868B00F533DC /* Buttons */ = {
			isa = PBXGroup;
			children = (
				65B0C15B288554C4007204A9 /* CameraButton.swift */,
			);
			path = Buttons;
			sourceTree = "<group>";
		};
		65F5DA6A288E6F0500FCC8D0 /* Models */ = {
			isa = PBXGroup;
			children = (
				65F5DA6E288E757600FCC8D0 /* NewVietnameseIDFront.swift */,
				65F5DA70288E75A800FCC8D0 /* NewVietnameseIDBack.swift */,
				65F5DA72288E75B400FCC8D0 /* OldVietnameseIDFront.swift */,
				65F5DA74288E75C100FCC8D0 /* OldVietnameseIDBack.swift */,
			);
			path = Models;
			sourceTree = "<group>";
		};
		65F5DA6B288E709B00FCC8D0 /* Managers */ = {
			isa = PBXGroup;
			children = (
				65F5DA6C288E70AB00FCC8D0 /* APICaller.swift */,
			);
			path = Managers;
			sourceTree = "<group>";
		};
/* End PBXGroup section */

/* Begin PBXNativeTarget section */
		65B0C1492885494E007204A9 /* CustomCameraView */ = {
			isa = PBXNativeTarget;
			buildConfigurationList = 65B0C1582885494F007204A9 /* Build configuration list for PBXNativeTarget "CustomCameraView" */;
			buildPhases = (
				65B0C1462885494E007204A9 /* Sources */,
				65B0C1472885494E007204A9 /* Frameworks */,
				65B0C1482885494E007204A9 /* Resources */,
			);
			buildRules = (
			);
			dependencies = (
			);
			name = CustomCameraView;
			productName = CustomCameraView;
			productReference = 65B0C14A2885494E007204A9 /* CustomCameraView.app */;
			productType = "com.apple.product-type.application";
		};
/* End PBXNativeTarget section */

/* Begin PBXProject section */
		65B0C1422885494E007204A9 /* Project object */ = {
			isa = PBXProject;
			attributes = {
				BuildIndependentTargetsInParallel = 1;
				LastSwiftUpdateCheck = 1340;
				LastUpgradeCheck = 1340;
				TargetAttributes = {
					65B0C1492885494E007204A9 = {
						CreatedOnToolsVersion = 13.4.1;
					};
				};
			};
			buildConfigurationList = 65B0C1452885494E007204A9 /* Build configuration list for PBXProject "CustomCameraView" */;
			compatibilityVersion = "Xcode 13.0";
			developmentRegion = en;
			hasScannedForEncodings = 0;
			knownRegions = (
				en,
				Base,
			);
			mainGroup = 65B0C1412885494E007204A9;
			productRefGroup = 65B0C14B2885494E007204A9 /* Products */;
			projectDirPath = "";
			projectRoot = "";
			targets = (
				65B0C1492885494E007204A9 /* CustomCameraView */,
			);
		};
/* End PBXProject section */

/* Begin PBXResourcesBuildPhase section */
		65B0C1482885494E007204A9 /* Resources */ = {
			isa = PBXResourcesBuildPhase;
			buildActionMask = 2147483647;
			files = (
				65B0C1552885494F007204A9 /* Preview Assets.xcassets in Resources */,
				65B0C1522885494F007204A9 /* Assets.xcassets in Resources */,
			);
			runOnlyForDeploymentPostprocessing = 0;
		};
/* End PBXResourcesBuildPhase section */

/* Begin PBXSourcesBuildPhase section */
		65B0C1462885494E007204A9 /* Sources */ = {
			isa = PBXSourcesBuildPhase;
			buildActionMask = 2147483647;
			files = (
				65F5DA6F288E757600FCC8D0 /* NewVietnameseIDFront.swift in Sources */,
				65F5DA75288E75C100FCC8D0 /* OldVietnameseIDBack.swift in Sources */,
				6541EAD4288560EC00C1F4D1 /* CameraPreview.swift in Sources */,
				65A68C2F288A40BB0086B848 /* MainView.swift in Sources */,
				65F5DA6D288E70AB00FCC8D0 /* APICaller.swift in Sources */,
				65F5DA71288E75A800FCC8D0 /* NewVietnameseIDBack.swift in Sources */,
				65E5E3DB28868F2800F533DC /* SettingsView.swift in Sources */,
				65B0C15C288554C4007204A9 /* CameraButton.swift in Sources */,
				6541EAD62885615700C1F4D1 /* CameraView.swift in Sources */,
				65E5E3E02886A5B400F533DC /* Extensions.swift in Sources */,
				65E5E3DD28868F4000F533DC /* Configurations.swift in Sources */,
				65F5DA73288E75B400FCC8D0 /* OldVietnameseIDFront.swift in Sources */,
				6567B63E28890C6300BB0CD4 /* ShowImage.swift in Sources */,
				6541EAD2288560DE00C1F4D1 /* CameraModel.swift in Sources */,
				65B0C14E2885494E007204A9 /* CustomCameraViewApp.swift in Sources */,
				65E5E3D92886871100F533DC /* InstructionsFrameView.swift in Sources */,
			);
			runOnlyForDeploymentPostprocessing = 0;
		};
/* End PBXSourcesBuildPhase section */

/* Begin XCBuildConfiguration section */
		65B0C1562885494F007204A9 /* Debug */ = {
			isa = XCBuildConfiguration;
			buildSettings = {
				ALWAYS_SEARCH_USER_PATHS = NO;
				CLANG_ANALYZER_NONNULL = YES;
				CLANG_ANALYZER_NUMBER_OBJECT_CONVERSION = YES_AGGRESSIVE;
				CLANG_CXX_LANGUAGE_STANDARD = "gnu++17";
				CLANG_ENABLE_MODULES = YES;
				CLANG_ENABLE_OBJC_ARC = YES;
				CLANG_ENABLE_OBJC_WEAK = YES;
				CLANG_WARN_BLOCK_CAPTURE_AUTORELEASING = YES;
				CLANG_WARN_BOOL_CONVERSION = YES;
				CLANG_WARN_COMMA = YES;
				CLANG_WARN_CONSTANT_CONVERSION = YES;
				CLANG_WARN_DEPRECATED_OBJC_IMPLEMENTATIONS = YES;
				CLANG_WARN_DIRECT_OBJC_ISA_USAGE = YES_ERROR;
				CLANG_WARN_DOCUMENTATION_COMMENTS = YES;
				CLANG_WARN_EMPTY_BODY = YES;
				CLANG_WARN_ENUM_CONVERSION = YES;
				CLANG_WARN_INFINITE_RECURSION = YES;
				CLANG_WARN_INT_CONVERSION = YES;
				CLANG_WARN_NON_LITERAL_NULL_CONVERSION = YES;
				CLANG_WARN_OBJC_IMPLICIT_RETAIN_SELF = YES;
				CLANG_WARN_OBJC_LITERAL_CONVERSION = YES;
				CLANG_WARN_OBJC_ROOT_CLASS = YES_ERROR;
				CLANG_WARN_QUOTED_INCLUDE_IN_FRAMEWORK_HEADER = YES;
				CLANG_WARN_RANGE_LOOP_ANALYSIS = YES;
				CLANG_WARN_STRICT_PROTOTYPES = YES;
				CLANG_WARN_SUSPICIOUS_MOVE = YES;
				CLANG_WARN_UNGUARDED_AVAILABILITY = YES_AGGRESSIVE;
				CLANG_WARN_UNREACHABLE_CODE = YES;
				CLANG_WARN__DUPLICATE_METHOD_MATCH = YES;
				COPY_PHASE_STRIP = NO;
				DEBUG_INFORMATION_FORMAT = dwarf;
				ENABLE_STRICT_OBJC_MSGSEND = YES;
				ENABLE_TESTABILITY = YES;
				GCC_C_LANGUAGE_STANDARD = gnu11;
				GCC_DYNAMIC_NO_PIC = NO;
				GCC_NO_COMMON_BLOCKS = YES;
				GCC_OPTIMIZATION_LEVEL = 0;
				GCC_PREPROCESSOR_DEFINITIONS = (
					"DEBUG=1",
					"$(inherited)",
				);
				GCC_WARN_64_TO_32_BIT_CONVERSION = YES;
				GCC_WARN_ABOUT_RETURN_TYPE = YES_ERROR;
				GCC_WARN_UNDECLARED_SELECTOR = YES;
				GCC_WARN_UNINITIALIZED_AUTOS = YES_AGGRESSIVE;
				GCC_WARN_UNUSED_FUNCTION = YES;
				GCC_WARN_UNUSED_VARIABLE = YES;
				IPHONEOS_DEPLOYMENT_TARGET = 15.5;
				MTL_ENABLE_DEBUG_INFO = INCLUDE_SOURCE;
				MTL_FAST_MATH = YES;
				ONLY_ACTIVE_ARCH = YES;
				SDKROOT = iphoneos;
				SWIFT_ACTIVE_COMPILATION_CONDITIONS = DEBUG;
				SWIFT_OPTIMIZATION_LEVEL = "-Onone";
			};
			name = Debug;
		};
		65B0C1572885494F007204A9 /* Release */ = {
			isa = XCBuildConfiguration;
			buildSettings = {
				ALWAYS_SEARCH_USER_PATHS = NO;
				CLANG_ANALYZER_NONNULL = YES;
				CLANG_ANALYZER_NUMBER_OBJECT_CONVERSION = YES_AGGRESSIVE;
				CLANG_CXX_LANGUAGE_STANDARD = "gnu++17";
				CLANG_ENABLE_MODULES = YES;
				CLANG_ENABLE_OBJC_ARC = YES;
				CLANG_ENABLE_OBJC_WEAK = YES;
				CLANG_WARN_BLOCK_CAPTURE_AUTORELEASING = YES;
				CLANG_WARN_BOOL_CONVERSION = YES;
				CLANG_WARN_COMMA = YES;
				CLANG_WARN_CONSTANT_CONVERSION = YES;
				CLANG_WARN_DEPRECATED_OBJC_IMPLEMENTATIONS = YES;
				CLANG_WARN_DIRECT_OBJC_ISA_USAGE = YES_ERROR;
				CLANG_WARN_DOCUMENTATION_COMMENTS = YES;
				CLANG_WARN_EMPTY_BODY = YES;
				CLANG_WARN_ENUM_CONVERSION = YES;
				CLANG_WARN_INFINITE_RECURSION = YES;
				CLANG_WARN_INT_CONVERSION = YES;
				CLANG_WARN_NON_LITERAL_NULL_CONVERSION = YES;
				CLANG_WARN_OBJC_IMPLICIT_RETAIN_SELF = YES;
				CLANG_WARN_OBJC_LITERAL_CONVERSION = YES;
				CLANG_WARN_OBJC_ROOT_CLASS = YES_ERROR;
				CLANG_WARN_QUOTED_INCLUDE_IN_FRAMEWORK_HEADER = YES;
				CLANG_WARN_RANGE_LOOP_ANALYSIS = YES;
				CLANG_WARN_STRICT_PROTOTYPES = YES;
				CLANG_WARN_SUSPICIOUS_MOVE = YES;
				CLANG_WARN_UNGUARDED_AVAILABILITY = YES_AGGRESSIVE;
				CLANG_WARN_UNREACHABLE_CODE = YES;
				CLANG_WARN__DUPLICATE_METHOD_MATCH = YES;
				COPY_PHASE_STRIP = NO;
				DEBUG_INFORMATION_FORMAT = "dwarf-with-dsym";
				ENABLE_NS_ASSERTIONS = NO;
				ENABLE_STRICT_OBJC_MSGSEND = YES;
				GCC_C_LANGUAGE_STANDARD = gnu11;
				GCC_NO_COMMON_BLOCKS = YES;
				GCC_WARN_64_TO_32_BIT_CONVERSION = YES;
				GCC_WARN_ABOUT_RETURN_TYPE = YES_ERROR;
				GCC_WARN_UNDECLARED_SELECTOR = YES;
				GCC_WARN_UNINITIALIZED_AUTOS = YES_AGGRESSIVE;
				GCC_WARN_UNUSED_FUNCTION = YES;
				GCC_WARN_UNUSED_VARIABLE = YES;
				IPHONEOS_DEPLOYMENT_TARGET = 15.5;
				MTL_ENABLE_DEBUG_INFO = NO;
				MTL_FAST_MATH = YES;
				SDKROOT = iphoneos;
				SWIFT_COMPILATION_MODE = wholemodule;
				SWIFT_OPTIMIZATION_LEVEL = "-O";
				VALIDATE_PRODUCT = YES;
			};
			name = Release;
		};
		65B0C1592885494F007204A9 /* Debug */ = {
			isa = XCBuildConfiguration;
			buildSettings = {
				ASSETCATALOG_COMPILER_APPICON_NAME = AppIcon;
				ASSETCATALOG_COMPILER_GLOBAL_ACCENT_COLOR_NAME = AccentColor;
				CODE_SIGN_STYLE = Automatic;
				CURRENT_PROJECT_VERSION = 1;
				DEVELOPMENT_ASSET_PATHS = "\"CustomCameraView/Preview Content\"";
				DEVELOPMENT_TEAM = 44N856UZ6R;
				ENABLE_PREVIEWS = YES;
				GENERATE_INFOPLIST_FILE = YES;
				INFOPLIST_FILE = CustomCameraView/Info.plist;
				INFOPLIST_KEY_LSApplicationCategoryType = "";
				INFOPLIST_KEY_NSCameraUsageDescription = "Please allow access to the camera";
				INFOPLIST_KEY_NSPhotoLibraryUsageDescription = "Allow access to photo library";
				INFOPLIST_KEY_UIApplicationSceneManifest_Generation = YES;
				INFOPLIST_KEY_UIApplicationSupportsIndirectInputEvents = YES;
				INFOPLIST_KEY_UILaunchScreen_Generation = YES;
				INFOPLIST_KEY_UISupportedInterfaceOrientations_iPad = "UIInterfaceOrientationPortrait UIInterfaceOrientationPortraitUpsideDown UIInterfaceOrientationLandscapeLeft UIInterfaceOrientationLandscapeRight";
				INFOPLIST_KEY_UISupportedInterfaceOrientations_iPhone = "UIInterfaceOrientationPortrait UIInterfaceOrientationLandscapeLeft UIInterfaceOrientationLandscapeRight";
				LD_RUNPATH_SEARCH_PATHS = (
					"$(inherited)",
					"@executable_path/Frameworks",
				);
				MARKETING_VERSION = 1.0;
				PRODUCT_BUNDLE_IDENTIFIER = tommy.CustomCameraView;
				PRODUCT_NAME = "$(TARGET_NAME)";
				SWIFT_EMIT_LOC_STRINGS = YES;
				SWIFT_VERSION = 5.0;
				TARGETED_DEVICE_FAMILY = "1,2";
			};
			name = Debug;
		};
		65B0C15A2885494F007204A9 /* Release */ = {
			isa = XCBuildConfiguration;
			buildSettings = {
				ASSETCATALOG_COMPILER_APPICON_NAME = AppIcon;
				ASSETCATALOG_COMPILER_GLOBAL_ACCENT_COLOR_NAME = AccentColor;
				CODE_SIGN_STYLE = Automatic;
				CURRENT_PROJECT_VERSION = 1;
				DEVELOPMENT_ASSET_PATHS = "\"CustomCameraView/Preview Content\"";
				DEVELOPMENT_TEAM = 44N856UZ6R;
				ENABLE_PREVIEWS = YES;
				GENERATE_INFOPLIST_FILE = YES;
				INFOPLIST_FILE = CustomCameraView/Info.plist;
				INFOPLIST_KEY_LSApplicationCategoryType = "";
				INFOPLIST_KEY_NSCameraUsageDescription = "Please allow access to the camera";
				INFOPLIST_KEY_NSPhotoLibraryUsageDescription = "Allow access to photo library";
				INFOPLIST_KEY_UIApplicationSceneManifest_Generation = YES;
				INFOPLIST_KEY_UIApplicationSupportsIndirectInputEvents = YES;
				INFOPLIST_KEY_UILaunchScreen_Generation = YES;
				INFOPLIST_KEY_UISupportedInterfaceOrientations_iPad = "UIInterfaceOrientationPortrait UIInterfaceOrientationPortraitUpsideDown UIInterfaceOrientationLandscapeLeft UIInterfaceOrientationLandscapeRight";
				INFOPLIST_KEY_UISupportedInterfaceOrientations_iPhone = "UIInterfaceOrientationPortrait UIInterfaceOrientationLandscapeLeft UIInterfaceOrientationLandscapeRight";
				LD_RUNPATH_SEARCH_PATHS = (
					"$(inherited)",
					"@executable_path/Frameworks",
				);
				MARKETING_VERSION = 1.0;
				PRODUCT_BUNDLE_IDENTIFIER = tommy.CustomCameraView;
				PRODUCT_NAME = "$(TARGET_NAME)";
				SWIFT_EMIT_LOC_STRINGS = YES;
				SWIFT_VERSION = 5.0;
				TARGETED_DEVICE_FAMILY = "1,2";
			};
			name = Release;
		};
/* End XCBuildConfiguration section */

/* Begin XCConfigurationList section */
		65B0C1452885494E007204A9 /* Build configuration list for PBXProject "CustomCameraView" */ = {
			isa = XCConfigurationList;
			buildConfigurations = (
				65B0C1562885494F007204A9 /* Debug */,
				65B0C1572885494F007204A9 /* Release */,
			);
			defaultConfigurationIsVisible = 0;
			defaultConfigurationName = Release;
		};
		65B0C1582885494F007204A9 /* Build configuration list for PBXNativeTarget "CustomCameraView" */ = {
			isa = XCConfigurationList;
			buildConfigurations = (
				65B0C1592885494F007204A9 /* Debug */,
				65B0C15A2885494F007204A9 /* Release */,
			);
			defaultConfigurationIsVisible = 0;
			defaultConfigurationName = Release;
		};
/* End XCConfigurationList section */
	};
	rootObject = 65B0C1422885494E007204A9 /* Project object */;
}
